{
  "name": "shex-assemblyscript",
  "version": "1.0.0",
  "lockfileVersion": 1,
  "requires": true,
  "dependencies": {
    "@assemblyscript/loader": {
      "version": "0.14.12",
      "resolved": "https://registry.npmjs.org/@assemblyscript/loader/-/loader-0.14.12.tgz",
      "integrity": "sha512-QmdJNivyUqoSAkyXBnEAhm4S2rXI3tjh+rgxNiZbQdeBviNNM1fdqRRFngY22s0f6Eti6mFU2S3LAQpErNPqrg=="
    },
    "assemblyscript": {
      "version": "0.14.12",
      "resolved": "https://registry.npmjs.org/assemblyscript/-/assemblyscript-0.14.12.tgz",
      "integrity": "sha512-dDREFBYv2ea1ZoPOZEx6PV5Q4yyOKipQBH2g8jmPcPv+ad+CvJfCx19+Z/SfD0KaVxTliSzJhQLP8yBZXzna2g==",
      "dev": true,
      "requires": {
        "binaryen": "97.0.0-nightly.20200919",
        "long": "^4.0.0"
      }
    },
    "binaryen": {
      "version": "97.0.0-nightly.20200919",
      "resolved": "https://registry.npmjs.org/binaryen/-/binaryen-97.0.0-nightly.20200919.tgz",
      "integrity": "sha512-BqKZxONTh53SVl2QUqVidoSo/nvL6FMKUG21SvB6V46M1Y6EbJrXES5Nt2c9XYveWpJjA297zIoxTUdI/PMDSA==",
      "dev": true
    },
    "long": {
      "version": "4.0.0",
      "resolved": "https://registry.npmjs.org/long/-/long-4.0.0.tgz",
      "integrity": "sha512-XsP+KhQif4bjX1kbuSiySJFNAehNxgLb6hPRGJ9QsUr8ajHkuXGdrHmFUTUUXhDwVX2R5bY4JNZEwbUiMhV+MA==",
      "dev": true
    }
  }
}
